
Microsoft Visual Studio Solution File, Format Version 12.00
# Visual Studio 2013
VisualStudioVersion = 12.0.40629.0
MinimumVisualStudioVersion = 10.0.40219.1
Project("{FAE04EC0-301F-11D3-BF4B-00C04F79EFBC}") = "Nana.Framework.Config", "Nana.Framework.Config\Nana.Framework.Config.csproj", "{ED1BB1FB-D469-4A2F-9D65-25C3DFDCC974}"
EndProject
Project("{2150E333-8FDC-42A3-9474-1A3956D46DE8}") = "UnitTest", "UnitTest", "{FC487181-AD15-49E0-877E-0FA42A711BEA}"
EndProject
Project("{FAE04EC0-301F-11D3-BF4B-00C04F79EFBC}") = "Nana.Framework.Config.UnitTest", "Nana.Framework.Config.UnitTest\Nana.Framework.Config.UnitTest.csproj", "{403519E4-A36A-490E-B74B-549659645676}"
EndProject
Project("{2150E333-8FDC-42A3-9474-1A3956D46DE8}") = ".nuget", ".nuget", "{384FB347-4806-4D89-868A-BFBE2CFEDBEC}"
	ProjectSection(SolutionItems) = preProject
		.nuget\NuGet.Config = .nuget\NuGet.Config
		.nuget\NuGet.exe = .nuget\NuGet.exe
		.nuget\NuGet.targets = .nuget\NuGet.targets
	EndProjectSection
EndProject
Project("{FAE04EC0-301F-11D3-BF4B-00C04F79EFBC}") = "Nana.Framework.Common", "Nana.Framework.Common\Nana.Framework.Common.csproj", "{4EED24C5-89CC-4F0E-B029-5DF72C661CC0}"
EndProject
Project("{FAE04EC0-301F-11D3-BF4B-00C04F79EFBC}") = "Nana.Framework.Utility", "Nana.Framework.Utility\Nana.Framework.Utility.csproj", "{40A31C45-30DF-4230-9BB8-CF94A1A7CCA4}"
EndProject
Project("{FAE04EC0-301F-11D3-BF4B-00C04F79EFBC}") = "Nana.Framework.Utility.Web", "Nana.Framework.Utility.Web\Nana.Framework.Utility.Web.csproj", "{61705CF1-8CFA-44FE-A0C4-674423C977DA}"
EndProject
Project("{FAE04EC0-301F-11D3-BF4B-00C04F79EFBC}") = "Nana.Framework.Utility.WinForm", "Nana.Framework.Utility.WinForm\Nana.Framework.Utility.WinForm.csproj", "{DBBA99E3-A06B-4744-9510-65E8A39CD4F6}"
EndProject
Project("{2150E333-8FDC-42A3-9474-1A3956D46DE8}") = "PerfTest", "PerfTest", "{62FED667-E0C9-4C66-94DB-008362411443}"
EndProject
Project("{FAE04EC0-301F-11D3-BF4B-00C04F79EFBC}") = "Nana.Framework.Config.PerfTest", "Nana.Framework.Config.PerfTest\Nana.Framework.Config.PerfTest.csproj", "{A266730C-9294-478F-B199-23BD593F5DCC}"
EndProject
Global
	GlobalSection(SolutionConfigurationPlatforms) = preSolution
		Debug|Any CPU = Debug|Any CPU
		Release|Any CPU = Release|Any CPU
	EndGlobalSection
	GlobalSection(ProjectConfigurationPlatforms) = postSolution
		{ED1BB1FB-D469-4A2F-9D65-25C3DFDCC974}.Debug|Any CPU.ActiveCfg = Debug|Any CPU
		{ED1BB1FB-D469-4A2F-9D65-25C3DFDCC974}.Debug|Any CPU.Build.0 = Debug|Any CPU
		{ED1BB1FB-D469-4A2F-9D65-25C3DFDCC974}.Release|Any CPU.ActiveCfg = Release|Any CPU
		{ED1BB1FB-D469-4A2F-9D65-25C3DFDCC974}.Release|Any CPU.Build.0 = Release|Any CPU
		{403519E4-A36A-490E-B74B-549659645676}.Debug|Any CPU.ActiveCfg = Debug|Any CPU
		{403519E4-A36A-490E-B74B-549659645676}.Debug|Any CPU.Build.0 = Debug|Any CPU
		{403519E4-A36A-490E-B74B-549659645676}.Release|Any CPU.ActiveCfg = Release|Any CPU
		{403519E4-A36A-490E-B74B-549659645676}.Release|Any CPU.Build.0 = Release|Any CPU
		{4EED24C5-89CC-4F0E-B029-5DF72C661CC0}.Debug|Any CPU.ActiveCfg = Debug|Any CPU
		{4EED24C5-89CC-4F0E-B029-5DF72C661CC0}.Debug|Any CPU.Build.0 = Debug|Any CPU
		{4EED24C5-89CC-4F0E-B029-5DF72C661CC0}.Release|Any CPU.ActiveCfg = Release|Any CPU
		{4EED24C5-89CC-4F0E-B029-5DF72C661CC0}.Release|Any CPU.Build.0 = Release|Any CPU
		{40A31C45-30DF-4230-9BB8-CF94A1A7CCA4}.Debug|Any CPU.ActiveCfg = Debug|Any CPU
		{40A31C45-30DF-4230-9BB8-CF94A1A7CCA4}.Debug|Any CPU.Build.0 = Debug|Any CPU
		{40A31C45-30DF-4230-9BB8-CF94A1A7CCA4}.Release|Any CPU.ActiveCfg = Release|Any CPU
		{40A31C45-30DF-4230-9BB8-CF94A1A7CCA4}.Release|Any CPU.Build.0 = Release|Any CPU
		{61705CF1-8CFA-44FE-A0C4-674423C977DA}.Debug|Any CPU.ActiveCfg = Debug|Any CPU
		{61705CF1-8CFA-44FE-A0C4-674423C977DA}.Debug|Any CPU.Build.0 = Debug|Any CPU
		{61705CF1-8CFA-44FE-A0C4-674423C977DA}.Release|Any CPU.ActiveCfg = Release|Any CPU
		{61705CF1-8CFA-44FE-A0C4-674423C977DA}.Release|Any CPU.Build.0 = Release|Any CPU
		{DBBA99E3-A06B-4744-9510-65E8A39CD4F6}.Debug|Any CPU.ActiveCfg = Debug|Any CPU
		{DBBA99E3-A06B-4744-9510-65E8A39CD4F6}.Debug|Any CPU.Build.0 = Debug|Any CPU
		{DBBA99E3-A06B-4744-9510-65E8A39CD4F6}.Release|Any CPU.ActiveCfg = Release|Any CPU
		{DBBA99E3-A06B-4744-9510-65E8A39CD4F6}.Release|Any CPU.Build.0 = Release|Any CPU
		{A266730C-9294-478F-B199-23BD593F5DCC}.Debug|Any CPU.ActiveCfg = Debug|Any CPU
		{A266730C-9294-478F-B199-23BD593F5DCC}.Debug|Any CPU.Build.0 = Debug|Any CPU
		{A266730C-9294-478F-B199-23BD593F5DCC}.Release|Any CPU.ActiveCfg = Release|Any CPU
		{A266730C-9294-478F-B199-23BD593F5DCC}.Release|Any CPU.Build.0 = Release|Any CPU
	EndGlobalSection
	GlobalSection(SolutionProperties) = preSolution
		HideSolutionNode = FALSE
	EndGlobalSection
	GlobalSection(NestedProjects) = preSolution
		{403519E4-A36A-490E-B74B-549659645676} = {FC487181-AD15-49E0-877E-0FA42A711BEA}
		{A266730C-9294-478F-B199-23BD593F5DCC} = {62FED667-E0C9-4C66-94DB-008362411443}
	EndGlobalSection
EndGlobal
